
Microsoft Visual Studio Solution File, Format Version 12.00
# Visual Studio Version 16
VisualStudioVersion = 16.0.31624.102
MinimumVisualStudioVersion = 10.0.40219.1
Project("{FAE04EC0-301F-11D3-BF4B-00C04F79EFBC}") = "Lab02_Bai 2", "Lab02_Bai 2\Lab02_Bai 2.csproj", "{49E4FDF8-959C-406F-8E6B-BE353692A31F}"
EndProject
Global
	GlobalSection(SolutionConfigurationPlatforms) = preSolution
		Debug|Any CPU = Debug|Any CPU
		Release|Any CPU = Release|Any CPU
	EndGlobalSection
	GlobalSection(ProjectConfigurationPlatforms) = postSolution
		{49E4FDF8-959C-406F-8E6B-BE353692A31F}.Debug|Any CPU.ActiveCfg = Debug|Any CPU
		{49E4FDF8-959C-406F-8E6B-BE353692A31F}.Debug|Any CPU.Build.0 = Debug|Any CPU
		{49E4FDF8-959C-406F-8E6B-BE353692A31F}.Release|Any CPU.ActiveCfg = Release|Any CPU
		{49E4FDF8-959C-406F-8E6B-BE353692A31F}.Release|Any CPU.Build.0 = Release|Any CPU
	EndGlobalSection
	GlobalSection(SolutionProperties) = preSolution
		HideSolutionNode = FALSE
	EndGlobalSection
	GlobalSection(ExtensibilityGlobals) = postSolution
		SolutionGuid = {40B1D290-92A1-4EFF-9D92-9294D1C8DDC5}
	EndGlobalSection
EndGlobal
